
Microsoft Visual Studio Solution File, Format Version 12.00
# Visual Studio Version 17
VisualStudioVersion = 17.5.33530.505
MinimumVisualStudioVersion = 10.0.40219.1
Project("{9A19103F-16F7-4668-BE54-9A1E7A4F7556}") = "CustomerManagement_HtmlHelpersRemoteValidation", "CustomerManagement_HtmlHelpersRemoteValidation\CustomerManagement_HtmlHelpersRemoteValidation.csproj", "{289519A9-257E-4E70-8130-C583D6F5A563}"
EndProject
Project("{9A19103F-16F7-4668-BE54-9A1E7A4F7556}") = "CommonLibrary", "CommonLibrary\CommonLibrary.csproj", "{FD3289D4-2174-484B-8812-99787E858926}"
EndProject
Project("{9A19103F-16F7-4668-BE54-9A1E7A4F7556}") = "DataAccessLayer", "DataAccessLayer\DataAccessLayer.csproj", "{8A5F5B99-9EE9-4D3C-8B52-283394B67EBD}"
EndProject
Global
	GlobalSection(SolutionConfigurationPlatforms) = preSolution
		Debug|Any CPU = Debug|Any CPU
		Release|Any CPU = Release|Any CPU
	EndGlobalSection
	GlobalSection(ProjectConfigurationPlatforms) = postSolution
		{289519A9-257E-4E70-8130-C583D6F5A563}.Debug|Any CPU.ActiveCfg = Debug|Any CPU
		{289519A9-257E-4E70-8130-C583D6F5A563}.Debug|Any CPU.Build.0 = Debug|Any CPU
		{289519A9-257E-4E70-8130-C583D6F5A563}.Release|Any CPU.ActiveCfg = Release|Any CPU
		{289519A9-257E-4E70-8130-C583D6F5A563}.Release|Any CPU.Build.0 = Release|Any CPU
		{FD3289D4-2174-484B-8812-99787E858926}.Debug|Any CPU.ActiveCfg = Debug|Any CPU
		{FD3289D4-2174-484B-8812-99787E858926}.Debug|Any CPU.Build.0 = Debug|Any CPU
		{FD3289D4-2174-484B-8812-99787E858926}.Release|Any CPU.ActiveCfg = Release|Any CPU
		{FD3289D4-2174-484B-8812-99787E858926}.Release|Any CPU.Build.0 = Release|Any CPU
		{8A5F5B99-9EE9-4D3C-8B52-283394B67EBD}.Debug|Any CPU.ActiveCfg = Debug|Any CPU
		{8A5F5B99-9EE9-4D3C-8B52-283394B67EBD}.Debug|Any CPU.Build.0 = Debug|Any CPU
		{8A5F5B99-9EE9-4D3C-8B52-283394B67EBD}.Release|Any CPU.ActiveCfg = Release|Any CPU
		{8A5F5B99-9EE9-4D3C-8B52-283394B67EBD}.Release|Any CPU.Build.0 = Release|Any CPU
	EndGlobalSection
	GlobalSection(SolutionProperties) = preSolution
		HideSolutionNode = FALSE
	EndGlobalSection
	GlobalSection(ExtensibilityGlobals) = postSolution
		SolutionGuid = {1313EB6E-6B75-4C69-94A6-C2DACE942C34}
	EndGlobalSection
EndGlobal
