
Microsoft Visual Studio Solution File, Format Version 12.00
# Visual Studio Version 17
VisualStudioVersion = 17.5.33502.453
MinimumVisualStudioVersion = 10.0.40219.1
Project("{FAE04EC0-301F-11D3-BF4B-00C04F79EFBC}") = "Day5_JSON", "Day5_JSON.csproj", "{75081B7F-1FD8-4FD6-BD6B-8BA3971FB181}"
EndProject
Global
	GlobalSection(SolutionConfigurationPlatforms) = preSolution
		Debug|Any CPU = Debug|Any CPU
		Release|Any CPU = Release|Any CPU
	EndGlobalSection
	GlobalSection(ProjectConfigurationPlatforms) = postSolution
		{75081B7F-1FD8-4FD6-BD6B-8BA3971FB181}.Debug|Any CPU.ActiveCfg = Debug|Any CPU
		{75081B7F-1FD8-4FD6-BD6B-8BA3971FB181}.Debug|Any CPU.Build.0 = Debug|Any CPU
		{75081B7F-1FD8-4FD6-BD6B-8BA3971FB181}.Release|Any CPU.ActiveCfg = Release|Any CPU
		{75081B7F-1FD8-4FD6-BD6B-8BA3971FB181}.Release|Any CPU.Build.0 = Release|Any CPU
	EndGlobalSection
	GlobalSection(SolutionProperties) = preSolution
		HideSolutionNode = FALSE
	EndGlobalSection
	GlobalSection(ExtensibilityGlobals) = postSolution
		SolutionGuid = {1CC1B366-8E54-4459-A334-F98387F75AEA}
	EndGlobalSection
EndGlobal
