
Microsoft Visual Studio Solution File, Format Version 12.00
# Visual Studio Version 17
VisualStudioVersion = 17.5.33502.453
MinimumVisualStudioVersion = 10.0.40219.1
Project("{FAE04EC0-301F-11D3-BF4B-00C04F79EFBC}") = "Exam_EmployeeMasterData", "Exam_EmployeeMasterData.csproj", "{283C5F6D-4E3E-435D-906C-56BD59541EBD}"
EndProject
Global
	GlobalSection(SolutionConfigurationPlatforms) = preSolution
		Debug|Any CPU = Debug|Any CPU
		Release|Any CPU = Release|Any CPU
	EndGlobalSection
	GlobalSection(ProjectConfigurationPlatforms) = postSolution
		{283C5F6D-4E3E-435D-906C-56BD59541EBD}.Debug|Any CPU.ActiveCfg = Debug|Any CPU
		{283C5F6D-4E3E-435D-906C-56BD59541EBD}.Debug|Any CPU.Build.0 = Debug|Any CPU
		{283C5F6D-4E3E-435D-906C-56BD59541EBD}.Release|Any CPU.ActiveCfg = Release|Any CPU
		{283C5F6D-4E3E-435D-906C-56BD59541EBD}.Release|Any CPU.Build.0 = Release|Any CPU
	EndGlobalSection
	GlobalSection(SolutionProperties) = preSolution
		HideSolutionNode = FALSE
	EndGlobalSection
	GlobalSection(ExtensibilityGlobals) = postSolution
		SolutionGuid = {CAC69929-4724-4151-8B1F-034C425CA86C}
	EndGlobalSection
EndGlobal
